
Microsoft Visual Studio Solution File, Format Version 12.00
Project("{FAE04EC0-301F-11D3-BF4B-00C04F79EFBC}") = "BinarySearch", "BinarySearch\BinarySearch.csproj", "{79401A84-74C8-497A-88A5-56DF4427DEA0}"
EndProject
Global
	GlobalSection(SolutionConfigurationPlatforms) = preSolution
		Debug|Any CPU = Debug|Any CPU
		Release|Any CPU = Release|Any CPU
	EndGlobalSection
	GlobalSection(ProjectConfigurationPlatforms) = postSolution
		{79401A84-74C8-497A-88A5-56DF4427DEA0}.Debug|Any CPU.ActiveCfg = Debug|Any CPU
		{79401A84-74C8-497A-88A5-56DF4427DEA0}.Debug|Any CPU.Build.0 = Debug|Any CPU
		{79401A84-74C8-497A-88A5-56DF4427DEA0}.Release|Any CPU.ActiveCfg = Release|Any CPU
		{79401A84-74C8-497A-88A5-56DF4427DEA0}.Release|Any CPU.Build.0 = Release|Any CPU
	EndGlobalSection
EndGlobal
